// !$*UTF8*$!
{
	archiveVersion = 1;
	classes = {
	};
	objectVersion = 56;
	objects = {

/* Begin PBXBuildFile section */
		6801CB662C87BABA00CA9193 /* SynchroSoundApp.swift in Sources */ = {isa = PBXBuildFile; fileRef = 6801CB652C87BABA00CA9193 /* SynchroSoundApp.swift */; };
		6801CB682C87BABA00CA9193 /* SynchroSoundTabView.swift in Sources */ = {isa = PBXBuildFile; fileRef = 6801CB672C87BABA00CA9193 /* SynchroSoundTabView.swift */; };
		6801CB6A2C87BABE00CA9193 /* Assets.xcassets in Resources */ = {isa = PBXBuildFile; fileRef = 6801CB692C87BABE00CA9193 /* Assets.xcassets */; };
		6801CB6D2C87BABE00CA9193 /* Preview Assets.xcassets in Resources */ = {isa = PBXBuildFile; fileRef = 6801CB6C2C87BABE00CA9193 /* Preview Assets.xcassets */; };
		6801CB772C87BABE00CA9193 /* SynchroSoundTests.swift in Sources */ = {isa = PBXBuildFile; fileRef = 6801CB762C87BABE00CA9193 /* SynchroSoundTests.swift */; };
		6801CB812C87BABE00CA9193 /* SynchroSoundUITests.swift in Sources */ = {isa = PBXBuildFile; fileRef = 6801CB802C87BABE00CA9193 /* SynchroSoundUITests.swift */; };
		6801CB832C87BABE00CA9193 /* SynchroSoundUITestsLaunchTests.swift in Sources */ = {isa = PBXBuildFile; fileRef = 6801CB822C87BABE00CA9193 /* SynchroSoundUITestsLaunchTests.swift */; };
		6801CB902C87F97F00CA9193 /* SynchroSoundInfoView.swift in Sources */ = {isa = PBXBuildFile; fileRef = 6801CB8F2C87F97F00CA9193 /* SynchroSoundInfoView.swift */; };
		6801CB922C87F9B400CA9193 /* SynchroSoundScanView.swift in Sources */ = {isa = PBXBuildFile; fileRef = 6801CB912C87F9B400CA9193 /* SynchroSoundScanView.swift */; };
		6801CB942C87F9D400CA9193 /* SynchroSoundTextView.swift in Sources */ = {isa = PBXBuildFile; fileRef = 6801CB932C87F9D400CA9193 /* SynchroSoundTextView.swift */; };
		6801CB962C87F9E800CA9193 /* SynchroSoundAccountView.swift in Sources */ = {isa = PBXBuildFile; fileRef = 6801CB952C87F9E800CA9193 /* SynchroSoundAccountView.swift */; };
		6801CB982C88082700CA9193 /* SynchroSoundBackground.swift in Sources */ = {isa = PBXBuildFile; fileRef = 6801CB972C88082700CA9193 /* SynchroSoundBackground.swift */; };
		6801CB9D2C88282D00CA9193 /* TabItems.swift in Sources */ = {isa = PBXBuildFile; fileRef = 6801CB9C2C88282D00CA9193 /* TabItems.swift */; };
		6801CB9F2C88286000CA9193 /* SynchroSoundTabBarItem.swift in Sources */ = {isa = PBXBuildFile; fileRef = 6801CB9E2C88286000CA9193 /* SynchroSoundTabBarItem.swift */; };
		6801CBA12C884A7C00CA9193 /* SynchroSoundTitle.swift in Sources */ = {isa = PBXBuildFile; fileRef = 6801CBA02C884A7C00CA9193 /* SynchroSoundTitle.swift */; };
		6801CBA32C8851DE00CA9193 /* SynchroSoundInfoButton.swift in Sources */ = {isa = PBXBuildFile; fileRef = 6801CBA22C8851DE00CA9193 /* SynchroSoundInfoButton.swift */; };
		6801CBA52C8852F400CA9193 /* SynchroSoundTabViewModel.swift in Sources */ = {isa = PBXBuildFile; fileRef = 6801CBA42C8852F400CA9193 /* SynchroSoundTabViewModel.swift */; };
/* End PBXBuildFile section */

/* Begin PBXContainerItemProxy section */
		6801CB732C87BABE00CA9193 /* PBXContainerItemProxy */ = {
			isa = PBXContainerItemProxy;
			containerPortal = 6801CB5A2C87BABA00CA9193 /* Project object */;
			proxyType = 1;
			remoteGlobalIDString = 6801CB612C87BABA00CA9193;
			remoteInfo = SynchroSound;
		};
		6801CB7D2C87BABE00CA9193 /* PBXContainerItemProxy */ = {
			isa = PBXContainerItemProxy;
			containerPortal = 6801CB5A2C87BABA00CA9193 /* Project object */;
			proxyType = 1;
			remoteGlobalIDString = 6801CB612C87BABA00CA9193;
			remoteInfo = SynchroSound;
		};
/* End PBXContainerItemProxy section */

/* Begin PBXFileReference section */
		6801CB622C87BABA00CA9193 /* SynchroSound.app */ = {isa = PBXFileReference; explicitFileType = wrapper.application; includeInIndex = 0; path = SynchroSound.app; sourceTree = BUILT_PRODUCTS_DIR; };
		6801CB652C87BABA00CA9193 /* SynchroSoundApp.swift */ = {isa = PBXFileReference; lastKnownFileType = sourcecode.swift; path = SynchroSoundApp.swift; sourceTree = "<group>"; };
		6801CB672C87BABA00CA9193 /* SynchroSoundTabView.swift */ = {isa = PBXFileReference; lastKnownFileType = sourcecode.swift; path = SynchroSoundTabView.swift; sourceTree = "<group>"; };
		6801CB692C87BABE00CA9193 /* Assets.xcassets */ = {isa = PBXFileReference; lastKnownFileType = folder.assetcatalog; path = Assets.xcassets; sourceTree = "<group>"; };
		6801CB6C2C87BABE00CA9193 /* Preview Assets.xcassets */ = {isa = PBXFileReference; lastKnownFileType = folder.assetcatalog; path = "Preview Assets.xcassets"; sourceTree = "<group>"; };
		6801CB722C87BABE00CA9193 /* SynchroSoundTests.xctest */ = {isa = PBXFileReference; explicitFileType = wrapper.cfbundle; includeInIndex = 0; path = SynchroSoundTests.xctest; sourceTree = BUILT_PRODUCTS_DIR; };
		6801CB762C87BABE00CA9193 /* SynchroSoundTests.swift */ = {isa = PBXFileReference; lastKnownFileType = sourcecode.swift; path = SynchroSoundTests.swift; sourceTree = "<group>"; };
		6801CB7C2C87BABE00CA9193 /* SynchroSoundUITests.xctest */ = {isa = PBXFileReference; explicitFileType = wrapper.cfbundle; includeInIndex = 0; path = SynchroSoundUITests.xctest; sourceTree = BUILT_PRODUCTS_DIR; };
		6801CB802C87BABE00CA9193 /* SynchroSoundUITests.swift */ = {isa = PBXFileReference; lastKnownFileType = sourcecode.swift; path = SynchroSoundUITests.swift; sourceTree = "<group>"; };
		6801CB822C87BABE00CA9193 /* SynchroSoundUITestsLaunchTests.swift */ = {isa = PBXFileReference; lastKnownFileType = sourcecode.swift; path = SynchroSoundUITestsLaunchTests.swift; sourceTree = "<group>"; };
		6801CB8F2C87F97F00CA9193 /* SynchroSoundInfoView.swift */ = {isa = PBXFileReference; lastKnownFileType = sourcecode.swift; path = SynchroSoundInfoView.swift; sourceTree = "<group>"; };
		6801CB912C87F9B400CA9193 /* SynchroSoundScanView.swift */ = {isa = PBXFileReference; lastKnownFileType = sourcecode.swift; path = SynchroSoundScanView.swift; sourceTree = "<group>"; };
		6801CB932C87F9D400CA9193 /* SynchroSoundTextView.swift */ = {isa = PBXFileReference; lastKnownFileType = sourcecode.swift; path = SynchroSoundTextView.swift; sourceTree = "<group>"; };
		6801CB952C87F9E800CA9193 /* SynchroSoundAccountView.swift */ = {isa = PBXFileReference; lastKnownFileType = sourcecode.swift; path = SynchroSoundAccountView.swift; sourceTree = "<group>"; };
		6801CB972C88082700CA9193 /* SynchroSoundBackground.swift */ = {isa = PBXFileReference; lastKnownFileType = sourcecode.swift; path = SynchroSoundBackground.swift; sourceTree = "<group>"; };
		6801CB9C2C88282D00CA9193 /* TabItems.swift */ = {isa = PBXFileReference; lastKnownFileType = sourcecode.swift; path = TabItems.swift; sourceTree = "<group>"; };
		6801CB9E2C88286000CA9193 /* SynchroSoundTabBarItem.swift */ = {isa = PBXFileReference; lastKnownFileType = sourcecode.swift; path = SynchroSoundTabBarItem.swift; sourceTree = "<group>"; };
		6801CBA02C884A7C00CA9193 /* SynchroSoundTitle.swift */ = {isa = PBXFileReference; lastKnownFileType = sourcecode.swift; path = SynchroSoundTitle.swift; sourceTree = "<group>"; };
		6801CBA22C8851DE00CA9193 /* SynchroSoundInfoButton.swift */ = {isa = PBXFileReference; lastKnownFileType = sourcecode.swift; path = SynchroSoundInfoButton.swift; sourceTree = "<group>"; };
		6801CBA42C8852F400CA9193 /* SynchroSoundTabViewModel.swift */ = {isa = PBXFileReference; lastKnownFileType = sourcecode.swift; path = SynchroSoundTabViewModel.swift; sourceTree = "<group>"; };
/* End PBXFileReference section */

/* Begin PBXFrameworksBuildPhase section */
		6801CB5F2C87BABA00CA9193 /* Frameworks */ = {
			isa = PBXFrameworksBuildPhase;
			buildActionMask = 2147483647;
			files = (
			);
			runOnlyForDeploymentPostprocessing = 0;
		};
		6801CB6F2C87BABE00CA9193 /* Frameworks */ = {
			isa = PBXFrameworksBuildPhase;
			buildActionMask = 2147483647;
			files = (
			);
			runOnlyForDeploymentPostprocessing = 0;
		};
		6801CB792C87BABE00CA9193 /* Frameworks */ = {
			isa = PBXFrameworksBuildPhase;
			buildActionMask = 2147483647;
			files = (
			);
			runOnlyForDeploymentPostprocessing = 0;
		};
/* End PBXFrameworksBuildPhase section */

/* Begin PBXGroup section */
		6801CB592C87BABA00CA9193 = {
			isa = PBXGroup;
			children = (
				6801CB642C87BABA00CA9193 /* SynchroSound */,
				6801CB752C87BABE00CA9193 /* SynchroSoundTests */,
				6801CB7F2C87BABE00CA9193 /* SynchroSoundUITests */,
				6801CB632C87BABA00CA9193 /* Products */,
			);
			sourceTree = "<group>";
		};
		6801CB632C87BABA00CA9193 /* Products */ = {
			isa = PBXGroup;
			children = (
				6801CB622C87BABA00CA9193 /* SynchroSound.app */,
				6801CB722C87BABE00CA9193 /* SynchroSoundTests.xctest */,
				6801CB7C2C87BABE00CA9193 /* SynchroSoundUITests.xctest */,
			);
			name = Products;
			sourceTree = "<group>";
		};
		6801CB642C87BABA00CA9193 /* SynchroSound */ = {
			isa = PBXGroup;
			children = (
				6801CB9A2C88273B00CA9193 /* Views */,
				6801CB992C8826F600CA9193 /* Screens */,
				6801CB652C87BABA00CA9193 /* SynchroSoundApp.swift */,
				6801CB692C87BABE00CA9193 /* Assets.xcassets */,
				6801CB6B2C87BABE00CA9193 /* Preview Content */,
			);
			path = SynchroSound;
			sourceTree = "<group>";
		};
		6801CB6B2C87BABE00CA9193 /* Preview Content */ = {
			isa = PBXGroup;
			children = (
				6801CB6C2C87BABE00CA9193 /* Preview Assets.xcassets */,
			);
			path = "Preview Content";
			sourceTree = "<group>";
		};
		6801CB752C87BABE00CA9193 /* SynchroSoundTests */ = {
			isa = PBXGroup;
			children = (
				6801CB762C87BABE00CA9193 /* SynchroSoundTests.swift */,
			);
			path = SynchroSoundTests;
			sourceTree = "<group>";
		};
		6801CB7F2C87BABE00CA9193 /* SynchroSoundUITests */ = {
			isa = PBXGroup;
			children = (
				6801CB802C87BABE00CA9193 /* SynchroSoundUITests.swift */,
				6801CB822C87BABE00CA9193 /* SynchroSoundUITestsLaunchTests.swift */,
			);
			path = SynchroSoundUITests;
			sourceTree = "<group>";
		};
		6801CB992C8826F600CA9193 /* Screens */ = {
			isa = PBXGroup;
			children = (
				6801CB9B2C88278E00CA9193 /* SynchroSoundTabView */,
				6801CB8F2C87F97F00CA9193 /* SynchroSoundInfoView.swift */,
				6801CB912C87F9B400CA9193 /* SynchroSoundScanView.swift */,
				6801CB932C87F9D400CA9193 /* SynchroSoundTextView.swift */,
				6801CB952C87F9E800CA9193 /* SynchroSoundAccountView.swift */,
			);
			path = Screens;
			sourceTree = "<group>";
		};
		6801CB9A2C88273B00CA9193 /* Views */ = {
			isa = PBXGroup;
			children = (
				6801CB972C88082700CA9193 /* SynchroSoundBackground.swift */,
				6801CBA02C884A7C00CA9193 /* SynchroSoundTitle.swift */,
				6801CBA22C8851DE00CA9193 /* SynchroSoundInfoButton.swift */,
			);
			path = Views;
			sourceTree = "<group>";
		};
		6801CB9B2C88278E00CA9193 /* SynchroSoundTabView */ = {
			isa = PBXGroup;
			children = (
				6801CB672C87BABA00CA9193 /* SynchroSoundTabView.swift */,
				6801CB9C2C88282D00CA9193 /* TabItems.swift */,
				6801CB9E2C88286000CA9193 /* SynchroSoundTabBarItem.swift */,
				6801CBA42C8852F400CA9193 /* SynchroSoundTabViewModel.swift */,
			);
			path = SynchroSoundTabView;
			sourceTree = "<group>";
		};
/* End PBXGroup section */

/* Begin PBXNativeTarget section */
		6801CB612C87BABA00CA9193 /* SynchroSound */ = {
			isa = PBXNativeTarget;
			buildConfigurationList = 6801CB862C87BABE00CA9193 /* Build configuration list for PBXNativeTarget "SynchroSound" */;
			buildPhases = (
				6801CB5E2C87BABA00CA9193 /* Sources */,
				6801CB5F2C87BABA00CA9193 /* Frameworks */,
				6801CB602C87BABA00CA9193 /* Resources */,
			);
			buildRules = (
			);
			dependencies = (
			);
			name = SynchroSound;
			productName = SynchroSound;
			productReference = 6801CB622C87BABA00CA9193 /* SynchroSound.app */;
			productType = "com.apple.product-type.application";
		};
		6801CB712C87BABE00CA9193 /* SynchroSoundTests */ = {
			isa = PBXNativeTarget;
			buildConfigurationList = 6801CB892C87BABE00CA9193 /* Build configuration list for PBXNativeTarget "SynchroSoundTests" */;
			buildPhases = (
				6801CB6E2C87BABE00CA9193 /* Sources */,
				6801CB6F2C87BABE00CA9193 /* Frameworks */,
				6801CB702C87BABE00CA9193 /* Resources */,
			);
			buildRules = (
			);
			dependencies = (
				6801CB742C87BABE00CA9193 /* PBXTargetDependency */,
			);
			name = SynchroSoundTests;
			productName = SynchroSoundTests;
			productReference = 6801CB722C87BABE00CA9193 /* SynchroSoundTests.xctest */;
			productType = "com.apple.product-type.bundle.unit-test";
		};
		6801CB7B2C87BABE00CA9193 /* SynchroSoundUITests */ = {
			isa = PBXNativeTarget;
			buildConfigurationList = 6801CB8C2C87BABE00CA9193 /* Build configuration list for PBXNativeTarget "SynchroSoundUITests" */;
			buildPhases = (
				6801CB782C87BABE00CA9193 /* Sources */,
				6801CB792C87BABE00CA9193 /* Frameworks */,
				6801CB7A2C87BABE00CA9193 /* Resources */,
			);
			buildRules = (
			);
			dependencies = (
				6801CB7E2C87BABE00CA9193 /* PBXTargetDependency */,
			);
			name = SynchroSoundUITests;
			productName = SynchroSoundUITests;
			productReference = 6801CB7C2C87BABE00CA9193 /* SynchroSoundUITests.xctest */;
			productType = "com.apple.product-type.bundle.ui-testing";
		};
/* End PBXNativeTarget section */

/* Begin PBXProject section */
		6801CB5A2C87BABA00CA9193 /* Project object */ = {
			isa = PBXProject;
			attributes = {
				BuildIndependentTargetsInParallel = 1;
				LastSwiftUpdateCheck = 1540;
				LastUpgradeCheck = 1540;
				TargetAttributes = {
					6801CB612C87BABA00CA9193 = {
						CreatedOnToolsVersion = 15.4;
					};
					6801CB712C87BABE00CA9193 = {
						CreatedOnToolsVersion = 15.4;
						TestTargetID = 6801CB612C87BABA00CA9193;
					};
					6801CB7B2C87BABE00CA9193 = {
						CreatedOnToolsVersion = 15.4;
						TestTargetID = 6801CB612C87BABA00CA9193;
					};
				};
			};
			buildConfigurationList = 6801CB5D2C87BABA00CA9193 /* Build configuration list for PBXProject "SynchroSound" */;
			compatibilityVersion = "Xcode 14.0";
			developmentRegion = en;
			hasScannedForEncodings = 0;
			knownRegions = (
				en,
				Base,
			);
			mainGroup = 6801CB592C87BABA00CA9193;
			productRefGroup = 6801CB632C87BABA00CA9193 /* Products */;
			projectDirPath = "";
			projectRoot = "";
			targets = (
				6801CB612C87BABA00CA9193 /* SynchroSound */,
				6801CB712C87BABE00CA9193 /* SynchroSoundTests */,
				6801CB7B2C87BABE00CA9193 /* SynchroSoundUITests */,
			);
		};
/* End PBXProject section */

/* Begin PBXResourcesBuildPhase section */
		6801CB602C87BABA00CA9193 /* Resources */ = {
			isa = PBXResourcesBuildPhase;
			buildActionMask = 2147483647;
			files = (
				6801CB6D2C87BABE00CA9193 /* Preview Assets.xcassets in Resources */,
				6801CB6A2C87BABE00CA9193 /* Assets.xcassets in Resources */,
			);
			runOnlyForDeploymentPostprocessing = 0;
		};
		6801CB702C87BABE00CA9193 /* Resources */ = {
			isa = PBXResourcesBuildPhase;
			buildActionMask = 2147483647;
			files = (
			);
			runOnlyForDeploymentPostprocessing = 0;
		};
		6801CB7A2C87BABE00CA9193 /* Resources */ = {
			isa = PBXResourcesBuildPhase;
			buildActionMask = 2147483647;
			files = (
			);
			runOnlyForDeploymentPostprocessing = 0;
		};
/* End PBXResourcesBuildPhase section */

/* Begin PBXSourcesBuildPhase section */
		6801CB5E2C87BABA00CA9193 /* Sources */ = {
			isa = PBXSourcesBuildPhase;
			buildActionMask = 2147483647;
			files = (
				6801CB9F2C88286000CA9193 /* SynchroSoundTabBarItem.swift in Sources */,
				6801CB922C87F9B400CA9193 /* SynchroSoundScanView.swift in Sources */,
				6801CB962C87F9E800CA9193 /* SynchroSoundAccountView.swift in Sources */,
				6801CB9D2C88282D00CA9193 /* TabItems.swift in Sources */,
				6801CBA32C8851DE00CA9193 /* SynchroSoundInfoButton.swift in Sources */,
				6801CB982C88082700CA9193 /* SynchroSoundBackground.swift in Sources */,
				6801CB682C87BABA00CA9193 /* SynchroSoundTabView.swift in Sources */,
				6801CB942C87F9D400CA9193 /* SynchroSoundTextView.swift in Sources */,
				6801CBA12C884A7C00CA9193 /* SynchroSoundTitle.swift in Sources */,
				6801CB662C87BABA00CA9193 /* SynchroSoundApp.swift in Sources */,
				6801CB902C87F97F00CA9193 /* SynchroSoundInfoView.swift in Sources */,
				6801CBA52C8852F400CA9193 /* SynchroSoundTabViewModel.swift in Sources */,
			);
			runOnlyForDeploymentPostprocessing = 0;
		};
		6801CB6E2C87BABE00CA9193 /* Sources */ = {
			isa = PBXSourcesBuildPhase;
			buildActionMask = 2147483647;
			files = (
				6801CB772C87BABE00CA9193 /* SynchroSoundTests.swift in Sources */,
			);
			runOnlyForDeploymentPostprocessing = 0;
		};
		6801CB782C87BABE00CA9193 /* Sources */ = {
			isa = PBXSourcesBuildPhase;
			buildActionMask = 2147483647;
			files = (
				6801CB812C87BABE00CA9193 /* SynchroSoundUITests.swift in Sources */,
				6801CB832C87BABE00CA9193 /* SynchroSoundUITestsLaunchTests.swift in Sources */,
			);
			runOnlyForDeploymentPostprocessing = 0;
		};
/* End PBXSourcesBuildPhase section */

/* Begin PBXTargetDependency section */
		6801CB742C87BABE00CA9193 /* PBXTargetDependency */ = {
			isa = PBXTargetDependency;
			target = 6801CB612C87BABA00CA9193 /* SynchroSound */;
			targetProxy = 6801CB732C87BABE00CA9193 /* PBXContainerItemProxy */;
		};
		6801CB7E2C87BABE00CA9193 /* PBXTargetDependency */ = {
			isa = PBXTargetDependency;
			target = 6801CB612C87BABA00CA9193 /* SynchroSound */;
			targetProxy = 6801CB7D2C87BABE00CA9193 /* PBXContainerItemProxy */;
		};
/* End PBXTargetDependency section */

/* Begin XCBuildConfiguration section */
		6801CB842C87BABE00CA9193 /* Debug */ = {
			isa = XCBuildConfiguration;
			buildSettings = {
				ALWAYS_SEARCH_USER_PATHS = NO;
				ASSETCATALOG_COMPILER_GENERATE_SWIFT_ASSET_SYMBOL_EXTENSIONS = YES;
				CLANG_ANALYZER_NONNULL = YES;
				CLANG_ANALYZER_NUMBER_OBJECT_CONVERSION = YES_AGGRESSIVE;
				CLANG_CXX_LANGUAGE_STANDARD = "gnu++20";
				CLANG_ENABLE_MODULES = YES;
				CLANG_ENABLE_OBJC_ARC = YES;
				CLANG_ENABLE_OBJC_WEAK = YES;
				CLANG_WARN_BLOCK_CAPTURE_AUTORELEASING = YES;
				CLANG_WARN_BOOL_CONVERSION = YES;
				CLANG_WARN_COMMA = YES;
				CLANG_WARN_CONSTANT_CONVERSION = YES;
				CLANG_WARN_DEPRECATED_OBJC_IMPLEMENTATIONS = YES;
				CLANG_WARN_DIRECT_OBJC_ISA_USAGE = YES_ERROR;
				CLANG_WARN_DOCUMENTATION_COMMENTS = YES;
				CLANG_WARN_EMPTY_BODY = YES;
				CLANG_WARN_ENUM_CONVERSION = YES;
				CLANG_WARN_INFINITE_RECURSION = YES;
				CLANG_WARN_INT_CONVERSION = YES;
				CLANG_WARN_NON_LITERAL_NULL_CONVERSION = YES;
				CLANG_WARN_OBJC_IMPLICIT_RETAIN_SELF = YES;
				CLANG_WARN_OBJC_LITERAL_CONVERSION = YES;
				CLANG_WARN_OBJC_ROOT_CLASS = YES_ERROR;
				CLANG_WARN_QUOTED_INCLUDE_IN_FRAMEWORK_HEADER = YES;
				CLANG_WARN_RANGE_LOOP_ANALYSIS = YES;
				CLANG_WARN_STRICT_PROTOTYPES = YES;
				CLANG_WARN_SUSPICIOUS_MOVE = YES;
				CLANG_WARN_UNGUARDED_AVAILABILITY = YES_AGGRESSIVE;
				CLANG_WARN_UNREACHABLE_CODE = YES;
				CLANG_WARN__DUPLICATE_METHOD_MATCH = YES;
				COPY_PHASE_STRIP = NO;
				DEBUG_INFORMATION_FORMAT = dwarf;
				ENABLE_STRICT_OBJC_MSGSEND = YES;
				ENABLE_TESTABILITY = YES;
				ENABLE_USER_SCRIPT_SANDBOXING = YES;
				GCC_C_LANGUAGE_STANDARD = gnu17;
				GCC_DYNAMIC_NO_PIC = NO;
				GCC_NO_COMMON_BLOCKS = YES;
				GCC_OPTIMIZATION_LEVEL = 0;
				GCC_PREPROCESSOR_DEFINITIONS = (
					"DEBUG=1",
					"$(inherited)",
				);
				GCC_WARN_64_TO_32_BIT_CONVERSION = YES;
				GCC_WARN_ABOUT_RETURN_TYPE = YES_ERROR;
				GCC_WARN_UNDECLARED_SELECTOR = YES;
				GCC_WARN_UNINITIALIZED_AUTOS = YES_AGGRESSIVE;
				GCC_WARN_UNUSED_FUNCTION = YES;
				GCC_WARN_UNUSED_VARIABLE = YES;
				IPHONEOS_DEPLOYMENT_TARGET = 17.5;
				LOCALIZATION_PREFERS_STRING_CATALOGS = YES;
				MTL_ENABLE_DEBUG_INFO = INCLUDE_SOURCE;
				MTL_FAST_MATH = YES;
				ONLY_ACTIVE_ARCH = YES;
				SDKROOT = iphoneos;
				SWIFT_ACTIVE_COMPILATION_CONDITIONS = "DEBUG $(inherited)";
				SWIFT_OPTIMIZATION_LEVEL = "-Onone";
			};
			name = Debug;
		};
		6801CB852C87BABE00CA9193 /* Release */ = {
			isa = XCBuildConfiguration;
			buildSettings = {
				ALWAYS_SEARCH_USER_PATHS = NO;
				ASSETCATALOG_COMPILER_GENERATE_SWIFT_ASSET_SYMBOL_EXTENSIONS = YES;
				CLANG_ANALYZER_NONNULL = YES;
				CLANG_ANALYZER_NUMBER_OBJECT_CONVERSION = YES_AGGRESSIVE;
				CLANG_CXX_LANGUAGE_STANDARD = "gnu++20";
				CLANG_ENABLE_MODULES = YES;
				CLANG_ENABLE_OBJC_ARC = YES;
				CLANG_ENABLE_OBJC_WEAK = YES;
				CLANG_WARN_BLOCK_CAPTURE_AUTORELEASING = YES;
				CLANG_WARN_BOOL_CONVERSION = YES;
				CLANG_WARN_COMMA = YES;
				CLANG_WARN_CONSTANT_CONVERSION = YES;
				CLANG_WARN_DEPRECATED_OBJC_IMPLEMENTATIONS = YES;
				CLANG_WARN_DIRECT_OBJC_ISA_USAGE = YES_ERROR;
				CLANG_WARN_DOCUMENTATION_COMMENTS = YES;
				CLANG_WARN_EMPTY_BODY = YES;
				CLANG_WARN_ENUM_CONVERSION = YES;
				CLANG_WARN_INFINITE_RECURSION = YES;
				CLANG_WARN_INT_CONVERSION = YES;
				CLANG_WARN_NON_LITERAL_NULL_CONVERSION = YES;
				CLANG_WARN_OBJC_IMPLICIT_RETAIN_SELF = YES;
				CLANG_WARN_OBJC_LITERAL_CONVERSION = YES;
				CLANG_WARN_OBJC_ROOT_CLASS = YES_ERROR;
				CLANG_WARN_QUOTED_INCLUDE_IN_FRAMEWORK_HEADER = YES;
				CLANG_WARN_RANGE_LOOP_ANALYSIS = YES;
				CLANG_WARN_STRICT_PROTOTYPES = YES;
				CLANG_WARN_SUSPICIOUS_MOVE = YES;
				CLANG_WARN_UNGUARDED_AVAILABILITY = YES_AGGRESSIVE;
				CLANG_WARN_UNREACHABLE_CODE = YES;
				CLANG_WARN__DUPLICATE_METHOD_MATCH = YES;
				COPY_PHASE_STRIP = NO;
				DEBUG_INFORMATION_FORMAT = "dwarf-with-dsym";
				ENABLE_NS_ASSERTIONS = NO;
				ENABLE_STRICT_OBJC_MSGSEND = YES;
				ENABLE_USER_SCRIPT_SANDBOXING = YES;
				GCC_C_LANGUAGE_STANDARD = gnu17;
				GCC_NO_COMMON_BLOCKS = YES;
				GCC_WARN_64_TO_32_BIT_CONVERSION = YES;
				GCC_WARN_ABOUT_RETURN_TYPE = YES_ERROR;
				GCC_WARN_UNDECLARED_SELECTOR = YES;
				GCC_WARN_UNINITIALIZED_AUTOS = YES_AGGRESSIVE;
				GCC_WARN_UNUSED_FUNCTION = YES;
				GCC_WARN_UNUSED_VARIABLE = YES;
				IPHONEOS_DEPLOYMENT_TARGET = 17.5;
				LOCALIZATION_PREFERS_STRING_CATALOGS = YES;
				MTL_ENABLE_DEBUG_INFO = NO;
				MTL_FAST_MATH = YES;
				SDKROOT = iphoneos;
				SWIFT_COMPILATION_MODE = wholemodule;
				VALIDATE_PRODUCT = YES;
			};
			name = Release;
		};
		6801CB872C87BABE00CA9193 /* Debug */ = {
			isa = XCBuildConfiguration;
			buildSettings = {
				ASSETCATALOG_COMPILER_APPICON_NAME = AppIcon;
				ASSETCATALOG_COMPILER_GLOBAL_ACCENT_COLOR_NAME = AccentColor;
				CODE_SIGN_STYLE = Automatic;
				CURRENT_PROJECT_VERSION = 1;
				DEVELOPMENT_ASSET_PATHS = "\"SynchroSound/Preview Content\"";
				DEVELOPMENT_TEAM = V87R7G2Q55;
				ENABLE_PREVIEWS = YES;
				GENERATE_INFOPLIST_FILE = YES;
				INFOPLIST_KEY_UIApplicationSceneManifest_Generation = YES;
				INFOPLIST_KEY_UIApplicationSupportsIndirectInputEvents = YES;
				INFOPLIST_KEY_UILaunchScreen_Generation = YES;
				INFOPLIST_KEY_UISupportedInterfaceOrientations_iPad = "UIInterfaceOrientationPortrait UIInterfaceOrientationPortraitUpsideDown UIInterfaceOrientationLandscapeLeft UIInterfaceOrientationLandscapeRight";
				INFOPLIST_KEY_UISupportedInterfaceOrientations_iPhone = "UIInterfaceOrientationPortrait UIInterfaceOrientationLandscapeLeft UIInterfaceOrientationLandscapeRight";
				LD_RUNPATH_SEARCH_PATHS = (
					"$(inherited)",
					"@executable_path/Frameworks",
				);
				MARKETING_VERSION = 1.0;
				PRODUCT_BUNDLE_IDENTIFIER = feolukolawole.SynchroSound;
				PRODUCT_NAME = "$(TARGET_NAME)";
				SWIFT_EMIT_LOC_STRINGS = YES;
				SWIFT_VERSION = 5.0;
				TARGETED_DEVICE_FAMILY = "1,2";
			};
			name = Debug;
		};
		6801CB882C87BABE00CA9193 /* Release */ = {
			isa = XCBuildConfiguration;
			buildSettings = {
				ASSETCATALOG_COMPILER_APPICON_NAME = AppIcon;
				ASSETCATALOG_COMPILER_GLOBAL_ACCENT_COLOR_NAME = AccentColor;
				CODE_SIGN_STYLE = Automatic;
				CURRENT_PROJECT_VERSION = 1;
				DEVELOPMENT_ASSET_PATHS = "\"SynchroSound/Preview Content\"";
				DEVELOPMENT_TEAM = V87R7G2Q55;
				ENABLE_PREVIEWS = YES;
				GENERATE_INFOPLIST_FILE = YES;
				INFOPLIST_KEY_UIApplicationSceneManifest_Generation = YES;
				INFOPLIST_KEY_UIApplicationSupportsIndirectInputEvents = YES;
				INFOPLIST_KEY_UILaunchScreen_Generation = YES;
				INFOPLIST_KEY_UISupportedInterfaceOrientations_iPad = "UIInterfaceOrientationPortrait UIInterfaceOrientationPortraitUpsideDown UIInterfaceOrientationLandscapeLeft UIInterfaceOrientationLandscapeRight";
				INFOPLIST_KEY_UISupportedInterfaceOrientations_iPhone = "UIInterfaceOrientationPortrait UIInterfaceOrientationLandscapeLeft UIInterfaceOrientationLandscapeRight";
				LD_RUNPATH_SEARCH_PATHS = (
					"$(inherited)",
					"@executable_path/Frameworks",
				);
				MARKETING_VERSION = 1.0;
				PRODUCT_BUNDLE_IDENTIFIER = feolukolawole.SynchroSound;
				PRODUCT_NAME = "$(TARGET_NAME)";
				SWIFT_EMIT_LOC_STRINGS = YES;
				SWIFT_VERSION = 5.0;
				TARGETED_DEVICE_FAMILY = "1,2";
			};
			name = Release;
		};
		6801CB8A2C87BABE00CA9193 /* Debug */ = {
			isa = XCBuildConfiguration;
			buildSettings = {
				ALWAYS_EMBED_SWIFT_STANDARD_LIBRARIES = YES;
				BUNDLE_LOADER = "$(TEST_HOST)";
				CODE_SIGN_STYLE = Automatic;
				CURRENT_PROJECT_VERSION = 1;
				DEVELOPMENT_TEAM = V87R7G2Q55;
				GENERATE_INFOPLIST_FILE = YES;
				IPHONEOS_DEPLOYMENT_TARGET = 17.5;
				MARKETING_VERSION = 1.0;
				PRODUCT_BUNDLE_IDENTIFIER = feolukolawole.SynchroSoundTests;
				PRODUCT_NAME = "$(TARGET_NAME)";
				SWIFT_EMIT_LOC_STRINGS = NO;
				SWIFT_VERSION = 5.0;
				TARGETED_DEVICE_FAMILY = "1,2";
				TEST_HOST = "$(BUILT_PRODUCTS_DIR)/SynchroSound.app/$(BUNDLE_EXECUTABLE_FOLDER_PATH)/SynchroSound";
			};
			name = Debug;
		};
		6801CB8B2C87BABE00CA9193 /* Release */ = {
			isa = XCBuildConfiguration;
			buildSettings = {
				ALWAYS_EMBED_SWIFT_STANDARD_LIBRARIES = YES;
				BUNDLE_LOADER = "$(TEST_HOST)";
				CODE_SIGN_STYLE = Automatic;
				CURRENT_PROJECT_VERSION = 1;
				DEVELOPMENT_TEAM = V87R7G2Q55;
				GENERATE_INFOPLIST_FILE = YES;
				IPHONEOS_DEPLOYMENT_TARGET = 17.5;
				MARKETING_VERSION = 1.0;
				PRODUCT_BUNDLE_IDENTIFIER = feolukolawole.SynchroSoundTests;
				PRODUCT_NAME = "$(TARGET_NAME)";
				SWIFT_EMIT_LOC_STRINGS = NO;
				SWIFT_VERSION = 5.0;
				TARGETED_DEVICE_FAMILY = "1,2";
				TEST_HOST = "$(BUILT_PRODUCTS_DIR)/SynchroSound.app/$(BUNDLE_EXECUTABLE_FOLDER_PATH)/SynchroSound";
			};
			name = Release;
		};
		6801CB8D2C87BABE00CA9193 /* Debug */ = {
			isa = XCBuildConfiguration;
			buildSettings = {
				ALWAYS_EMBED_SWIFT_STANDARD_LIBRARIES = YES;
				CODE_SIGN_STYLE = Automatic;
				CURRENT_PROJECT_VERSION = 1;
				DEVELOPMENT_TEAM = V87R7G2Q55;
				GENERATE_INFOPLIST_FILE = YES;
				MARKETING_VERSION = 1.0;
				PRODUCT_BUNDLE_IDENTIFIER = feolukolawole.SynchroSoundUITests;
				PRODUCT_NAME = "$(TARGET_NAME)";
				SWIFT_EMIT_LOC_STRINGS = NO;
				SWIFT_VERSION = 5.0;
				TARGETED_DEVICE_FAMILY = "1,2";
				TEST_TARGET_NAME = SynchroSound;
			};
			name = Debug;
		};
		6801CB8E2C87BABE00CA9193 /* Release */ = {
			isa = XCBuildConfiguration;
			buildSettings = {
				ALWAYS_EMBED_SWIFT_STANDARD_LIBRARIES = YES;
				CODE_SIGN_STYLE = Automatic;
				CURRENT_PROJECT_VERSION = 1;
				DEVELOPMENT_TEAM = V87R7G2Q55;
				GENERATE_INFOPLIST_FILE = YES;
				MARKETING_VERSION = 1.0;
				PRODUCT_BUNDLE_IDENTIFIER = feolukolawole.SynchroSoundUITests;
				PRODUCT_NAME = "$(TARGET_NAME)";
				SWIFT_EMIT_LOC_STRINGS = NO;
				SWIFT_VERSION = 5.0;
				TARGETED_DEVICE_FAMILY = "1,2";
				TEST_TARGET_NAME = SynchroSound;
			};
			name = Release;
		};
/* End XCBuildConfiguration section */

/* Begin XCConfigurationList section */
		6801CB5D2C87BABA00CA9193 /* Build configuration list for PBXProject "SynchroSound" */ = {
			isa = XCConfigurationList;
			buildConfigurations = (
				6801CB842C87BABE00CA9193 /* Debug */,
				6801CB852C87BABE00CA9193 /* Release */,
			);
			defaultConfigurationIsVisible = 0;
			defaultConfigurationName = Release;
		};
		6801CB862C87BABE00CA9193 /* Build configuration list for PBXNativeTarget "SynchroSound" */ = {
			isa = XCConfigurationList;
			buildConfigurations = (
				6801CB872C87BABE00CA9193 /* Debug */,
				6801CB882C87BABE00CA9193 /* Release */,
			);
			defaultConfigurationIsVisible = 0;
			defaultConfigurationName = Release;
		};
		6801CB892C87BABE00CA9193 /* Build configuration list for PBXNativeTarget "SynchroSoundTests" */ = {
			isa = XCConfigurationList;
			buildConfigurations = (
				6801CB8A2C87BABE00CA9193 /* Debug */,
				6801CB8B2C87BABE00CA9193 /* Release */,
			);
			defaultConfigurationIsVisible = 0;
			defaultConfigurationName = Release;
		};
		6801CB8C2C87BABE00CA9193 /* Build configuration list for PBXNativeTarget "SynchroSoundUITests" */ = {
			isa = XCConfigurationList;
			buildConfigurations = (
				6801CB8D2C87BABE00CA9193 /* Debug */,
				6801CB8E2C87BABE00CA9193 /* Release */,
			);
			defaultConfigurationIsVisible = 0;
			defaultConfigurationName = Release;
		};
/* End XCConfigurationList section */
	};
	rootObject = 6801CB5A2C87BABA00CA9193 /* Project object */;
}
